// !$*UTF8*$!
{
	archiveVersion = 1;
	classes = {
	};
	objectVersion = 51;
	objects = {

/* Begin PBXBuildFile section */
		24E13B7F24A252130039A2DE /* AppDelegate.swift in Sources */ = {isa = PBXBuildFile; fileRef = 24E13B7E24A252130039A2DE /* AppDelegate.swift */; };
		24E13B8124A252130039A2DE /* ViewController.swift in Sources */ = {isa = PBXBuildFile; fileRef = 24E13B8024A252130039A2DE /* ViewController.swift */; };
		24E13B8624A252160039A2DE /* Assets.xcassets in Resources */ = {isa = PBXBuildFile; fileRef = 24E13B8524A252160039A2DE /* Assets.xcassets */; };
		24E13B8924A252160039A2DE /* LaunchScreen.storyboard in Resources */ = {isa = PBXBuildFile; fileRef = 24E13B8724A252160039A2DE /* LaunchScreen.storyboard */; };
		24E13BA224A252FF0039A2DE /* TripViewController.swift in Sources */ = {isa = PBXBuildFile; fileRef = 24E13B9A24A252FE0039A2DE /* TripViewController.swift */; };
		24E13BA324A252FF0039A2DE /* RegisterViewController.swift in Sources */ = {isa = PBXBuildFile; fileRef = 24E13B9B24A252FF0039A2DE /* RegisterViewController.swift */; };
		24E13BA424A252FF0039A2DE /* CustomInfoWindow.swift in Sources */ = {isa = PBXBuildFile; fileRef = 24E13B9C24A252FF0039A2DE /* CustomInfoWindow.swift */; };
		24E13BA524A252FF0039A2DE /* MyTripViewController.swift in Sources */ = {isa = PBXBuildFile; fileRef = 24E13B9D24A252FF0039A2DE /* MyTripViewController.swift */; };
		24E13BA624A252FF0039A2DE /* ScheduleViewController.swift in Sources */ = {isa = PBXBuildFile; fileRef = 24E13B9E24A252FF0039A2DE /* ScheduleViewController.swift */; };
		24E13BA724A252FF0039A2DE /* LoginViewController.swift in Sources */ = {isa = PBXBuildFile; fileRef = 24E13B9F24A252FF0039A2DE /* LoginViewController.swift */; };
		24E13BA824A252FF0039A2DE /* DetailSpotViewController.swift in Sources */ = {isa = PBXBuildFile; fileRef = 24E13BA024A252FF0039A2DE /* DetailSpotViewController.swift */; };
		24E13BA924A252FF0039A2DE /* MapViewController.swift in Sources */ = {isa = PBXBuildFile; fileRef = 24E13BA124A252FF0039A2DE /* MapViewController.swift */; };
		24E13BB824A253330039A2DE /* Category.swift in Sources */ = {isa = PBXBuildFile; fileRef = 24E13BAA24A253320039A2DE /* Category.swift */; };
		24E13BB924A253330039A2DE /* Spot.swift in Sources */ = {isa = PBXBuildFile; fileRef = 24E13BAB24A253320039A2DE /* Spot.swift */; };
		24E13BBA24A253330039A2DE /* Place.swift in Sources */ = {isa = PBXBuildFile; fileRef = 24E13BAC24A253320039A2DE /* Place.swift */; };
		24E13BBB24A253330039A2DE /* MyTripTableViewCell.swift in Sources */ = {isa = PBXBuildFile; fileRef = 24E13BAD24A253320039A2DE /* MyTripTableViewCell.swift */; };
		24E13BBC24A253330039A2DE /* ImageCollectionViewCell.swift in Sources */ = {isa = PBXBuildFile; fileRef = 24E13BAE24A253320039A2DE /* ImageCollectionViewCell.swift */; };
		24E13BBD24A253330039A2DE /* Trip.swift in Sources */ = {isa = PBXBuildFile; fileRef = 24E13BAF24A253320039A2DE /* Trip.swift */; };
		24E13BBE24A253330039A2DE /* ScheduleTableViewCell.swift in Sources */ = {isa = PBXBuildFile; fileRef = 24E13BB024A253320039A2DE /* ScheduleTableViewCell.swift */; };
		24E13BBF24A253330039A2DE /* TableViewCell.swift in Sources */ = {isa = PBXBuildFile; fileRef = 24E13BB124A253320039A2DE /* TableViewCell.swift */; };
		24E13BC124A253330039A2DE /* CustomMarkerView.swift in Sources */ = {isa = PBXBuildFile; fileRef = 24E13BB324A253320039A2DE /* CustomMarkerView.swift */; };
		24E13BC224A253330039A2DE /* SubCategory.swift in Sources */ = {isa = PBXBuildFile; fileRef = 24E13BB424A253330039A2DE /* SubCategory.swift */; };
		24E13BC324A253330039A2DE /* Schedule.swift in Sources */ = {isa = PBXBuildFile; fileRef = 24E13BB524A253330039A2DE /* Schedule.swift */; };
		24E13BC424A253330039A2DE /* ImageSpotCollectionViewCell.swift in Sources */ = {isa = PBXBuildFile; fileRef = 24E13BB624A253330039A2DE /* ImageSpotCollectionViewCell.swift */; };
		24E13BC524A253330039A2DE /* CurrentWeather.swift in Sources */ = {isa = PBXBuildFile; fileRef = 24E13BB724A253330039A2DE /* CurrentWeather.swift */; };
		24E13BCA24A2537A0039A2DE /* ForecastService.swift in Sources */ = {isa = PBXBuildFile; fileRef = 24E13BC724A2537A0039A2DE /* ForecastService.swift */; };
		24E13BCB24A2537A0039A2DE /* APIUrl.swift in Sources */ = {isa = PBXBuildFile; fileRef = 24E13BC824A2537A0039A2DE /* APIUrl.swift */; };
		24E13BCE24A255860039A2DE /* DirectionViewController.swift in Sources */ = {isa = PBXBuildFile; fileRef = 24E13BCD24A255850039A2DE /* DirectionViewController.swift */; };
		24E13BD024A255C50039A2DE /* Reachability.swift in Sources */ = {isa = PBXBuildFile; fileRef = 24E13BCF24A255C50039A2DE /* Reachability.swift */; };
		24E13BD624A25B4E0039A2DE /* Lato-Bold.ttf in Resources */ = {isa = PBXBuildFile; fileRef = 24E13BD224A25B4D0039A2DE /* Lato-Bold.ttf */; };
		24E13BD724A25B4E0039A2DE /* Lato-Black.ttf in Resources */ = {isa = PBXBuildFile; fileRef = 24E13BD324A25B4E0039A2DE /* Lato-Black.ttf */; };
		24E13BDC24A265500039A2DE /* Images.xcassets in Resources */ = {isa = PBXBuildFile; fileRef = 24E13BDB24A265500039A2DE /* Images.xcassets */; };
		24E13BDE24A26D830039A2DE /* CustomInfoWindow.xib in Resources */ = {isa = PBXBuildFile; fileRef = 24E13BDD24A26D830039A2DE /* CustomInfoWindow.xib */; };
		24E13BE124A271EC0039A2DE /* Main.storyboard in Resources */ = {isa = PBXBuildFile; fileRef = 24E13BDF24A271EC0039A2DE /* Main.storyboard */; };
		A07A8CE41D0A57258BABA167 /* Pods_E_Travel.framework in Frameworks */ = {isa = PBXBuildFile; fileRef = 112B55068CA4C3183A5D915D /* Pods_E_Travel.framework */; };
/* End PBXBuildFile section */

/* Begin PBXFileReference section */
		112B55068CA4C3183A5D915D /* Pods_E_Travel.framework */ = {isa = PBXFileReference; explicitFileType = wrapper.framework; includeInIndex = 0; path = Pods_E_Travel.framework; sourceTree = BUILT_PRODUCTS_DIR; };
		11E189ED241F4C23C8433CF7 /* Pods-E-Travel.release.xcconfig */ = {isa = PBXFileReference; includeInIndex = 1; lastKnownFileType = text.xcconfig; name = "Pods-E-Travel.release.xcconfig"; path = "Target Support Files/Pods-E-Travel/Pods-E-Travel.release.xcconfig"; sourceTree = "<group>"; };
		24E13B7B24A252130039A2DE /* E-Travel.app */ = {isa = PBXFileReference; explicitFileType = wrapper.application; includeInIndex = 0; path = "E-Travel.app"; sourceTree = BUILT_PRODUCTS_DIR; };
		24E13B7E24A252130039A2DE /* AppDelegate.swift */ = {isa = PBXFileReference; lastKnownFileType = sourcecode.swift; path = AppDelegate.swift; sourceTree = "<group>"; };
		24E13B8024A252130039A2DE /* ViewController.swift */ = {isa = PBXFileReference; lastKnownFileType = sourcecode.swift; path = ViewController.swift; sourceTree = "<group>"; };
		24E13B8524A252160039A2DE /* Assets.xcassets */ = {isa = PBXFileReference; lastKnownFileType = folder.assetcatalog; path = Assets.xcassets; sourceTree = "<group>"; };
		24E13B8824A252160039A2DE /* Base */ = {isa = PBXFileReference; lastKnownFileType = file.storyboard; name = Base; path = Base.lproj/LaunchScreen.storyboard; sourceTree = "<group>"; };
		24E13B8A24A252160039A2DE /* Info.plist */ = {isa = PBXFileReference; lastKnownFileType = text.plist.xml; path = Info.plist; sourceTree = "<group>"; };
		24E13B9A24A252FE0039A2DE /* TripViewController.swift */ = {isa = PBXFileReference; fileEncoding = 4; lastKnownFileType = sourcecode.swift; path = TripViewController.swift; sourceTree = "<group>"; };
		24E13B9B24A252FF0039A2DE /* RegisterViewController.swift */ = {isa = PBXFileReference; fileEncoding = 4; lastKnownFileType = sourcecode.swift; path = RegisterViewController.swift; sourceTree = "<group>"; };
		24E13B9C24A252FF0039A2DE /* CustomInfoWindow.swift */ = {isa = PBXFileReference; fileEncoding = 4; lastKnownFileType = sourcecode.swift; path = CustomInfoWindow.swift; sourceTree = "<group>"; };
		24E13B9D24A252FF0039A2DE /* MyTripViewController.swift */ = {isa = PBXFileReference; fileEncoding = 4; lastKnownFileType = sourcecode.swift; path = MyTripViewController.swift; sourceTree = "<group>"; };
		24E13B9E24A252FF0039A2DE /* ScheduleViewController.swift */ = {isa = PBXFileReference; fileEncoding = 4; lastKnownFileType = sourcecode.swift; path = ScheduleViewController.swift; sourceTree = "<group>"; };
		24E13B9F24A252FF0039A2DE /* LoginViewController.swift */ = {isa = PBXFileReference; fileEncoding = 4; lastKnownFileType = sourcecode.swift; path = LoginViewController.swift; sourceTree = "<group>"; };
		24E13BA024A252FF0039A2DE /* DetailSpotViewController.swift */ = {isa = PBXFileReference; fileEncoding = 4; lastKnownFileType = sourcecode.swift; path = DetailSpotViewController.swift; sourceTree = "<group>"; };
		24E13BA124A252FF0039A2DE /* MapViewController.swift */ = {isa = PBXFileReference; fileEncoding = 4; lastKnownFileType = sourcecode.swift; path = MapViewController.swift; sourceTree = "<group>"; };
		24E13BAA24A253320039A2DE /* Category.swift */ = {isa = PBXFileReference; fileEncoding = 4; lastKnownFileType = sourcecode.swift; name = Category.swift; path = Models/Category.swift; sourceTree = "<group>"; };
		24E13BAB24A253320039A2DE /* Spot.swift */ = {isa = PBXFileReference; fileEncoding = 4; lastKnownFileType = sourcecode.swift; name = Spot.swift; path = Models/Spot.swift; sourceTree = "<group>"; };
		24E13BAC24A253320039A2DE /* Place.swift */ = {isa = PBXFileReference; fileEncoding = 4; lastKnownFileType = sourcecode.swift; name = Place.swift; path = Models/Place.swift; sourceTree = "<group>"; };
		24E13BAD24A253320039A2DE /* MyTripTableViewCell.swift */ = {isa = PBXFileReference; fileEncoding = 4; lastKnownFileType = sourcecode.swift; name = MyTripTableViewCell.swift; path = Models/MyTripTableViewCell.swift; sourceTree = "<group>"; };
		24E13BAE24A253320039A2DE /* ImageCollectionViewCell.swift */ = {isa = PBXFileReference; fileEncoding = 4; lastKnownFileType = sourcecode.swift; name = ImageCollectionViewCell.swift; path = Models/ImageCollectionViewCell.swift; sourceTree = "<group>"; };
		24E13BAF24A253320039A2DE /* Trip.swift */ = {isa = PBXFileReference; fileEncoding = 4; lastKnownFileType = sourcecode.swift; name = Trip.swift; path = Models/Trip.swift; sourceTree = "<group>"; };
		24E13BB024A253320039A2DE /* ScheduleTableViewCell.swift */ = {isa = PBXFileReference; fileEncoding = 4; lastKnownFileType = sourcecode.swift; name = ScheduleTableViewCell.swift; path = Models/ScheduleTableViewCell.swift; sourceTree = "<group>"; };
		24E13BB124A253320039A2DE /* TableViewCell.swift */ = {isa = PBXFileReference; fileEncoding = 4; lastKnownFileType = sourcecode.swift; name = TableViewCell.swift; path = Models/TableViewCell.swift; sourceTree = "<group>"; };
		24E13BB324A253320039A2DE /* CustomMarkerView.swift */ = {isa = PBXFileReference; fileEncoding = 4; lastKnownFileType = sourcecode.swift; name = CustomMarkerView.swift; path = Models/CustomMarkerView.swift; sourceTree = "<group>"; };
		24E13BB424A253330039A2DE /* SubCategory.swift */ = {isa = PBXFileReference; fileEncoding = 4; lastKnownFileType = sourcecode.swift; name = SubCategory.swift; path = Models/SubCategory.swift; sourceTree = "<group>"; };
		24E13BB524A253330039A2DE /* Schedule.swift */ = {isa = PBXFileReference; fileEncoding = 4; lastKnownFileType = sourcecode.swift; name = Schedule.swift; path = Models/Schedule.swift; sourceTree = "<group>"; };
		24E13BB624A253330039A2DE /* ImageSpotCollectionViewCell.swift */ = {isa = PBXFileReference; fileEncoding = 4; lastKnownFileType = sourcecode.swift; name = ImageSpotCollectionViewCell.swift; path = Models/ImageSpotCollectionViewCell.swift; sourceTree = "<group>"; };
		24E13BB724A253330039A2DE /* CurrentWeather.swift */ = {isa = PBXFileReference; fileEncoding = 4; lastKnownFileType = sourcecode.swift; name = CurrentWeather.swift; path = Models/CurrentWeather.swift; sourceTree = "<group>"; };
		24E13BC724A2537A0039A2DE /* ForecastService.swift */ = {isa = PBXFileReference; fileEncoding = 4; lastKnownFileType = sourcecode.swift; path = ForecastService.swift; sourceTree = "<group>"; };
		24E13BC824A2537A0039A2DE /* APIUrl.swift */ = {isa = PBXFileReference; fileEncoding = 4; lastKnownFileType = sourcecode.swift; path = APIUrl.swift; sourceTree = "<group>"; };
		24E13BCD24A255850039A2DE /* DirectionViewController.swift */ = {isa = PBXFileReference; fileEncoding = 4; lastKnownFileType = sourcecode.swift; path = DirectionViewController.swift; sourceTree = "<group>"; };
		24E13BCF24A255C50039A2DE /* Reachability.swift */ = {isa = PBXFileReference; fileEncoding = 4; lastKnownFileType = sourcecode.swift; path = Reachability.swift; sourceTree = "<group>"; };
		24E13BD224A25B4D0039A2DE /* Lato-Bold.ttf */ = {isa = PBXFileReference; lastKnownFileType = file; path = "Lato-Bold.ttf"; sourceTree = "<group>"; };
		24E13BD324A25B4E0039A2DE /* Lato-Black.ttf */ = {isa = PBXFileReference; lastKnownFileType = file; path = "Lato-Black.ttf"; sourceTree = "<group>"; };
		24E13BDB24A265500039A2DE /* Images.xcassets */ = {isa = PBXFileReference; lastKnownFileType = folder.assetcatalog; path = Images.xcassets; sourceTree = "<group>"; };
		24E13BDD24A26D830039A2DE /* CustomInfoWindow.xib */ = {isa = PBXFileReference; fileEncoding = 4; lastKnownFileType = file.xib; name = CustomInfoWindow.xib; path = Views/CustomInfoWindow.xib; sourceTree = "<group>"; };
		24E13BE024A271EC0039A2DE /* Base */ = {isa = PBXFileReference; lastKnownFileType = file.storyboard; name = Base; path = Views/Base.lproj/Main.storyboard; sourceTree = "<group>"; };
		73351DC1DDD7C0836382D263 /* Pods-E-Travel.debug.xcconfig */ = {isa = PBXFileReference; includeInIndex = 1; lastKnownFileType = text.xcconfig; name = "Pods-E-Travel.debug.xcconfig"; path = "Target Support Files/Pods-E-Travel/Pods-E-Travel.debug.xcconfig"; sourceTree = "<group>"; };
/* End PBXFileReference section */

/* Begin PBXFrameworksBuildPhase section */
		24E13B7824A252130039A2DE /* Frameworks */ = {
			isa = PBXFrameworksBuildPhase;
			buildActionMask = 2147483647;
			files = (
				A07A8CE41D0A57258BABA167 /* Pods_E_Travel.framework in Frameworks */,
			);
			runOnlyForDeploymentPostprocessing = 0;
		};
/* End PBXFrameworksBuildPhase section */

/* Begin PBXGroup section */
		24E13B7224A252130039A2DE = {
			isa = PBXGroup;
			children = (
				24E13B7D24A252130039A2DE /* E-Travel */,
				24E13B7C24A252130039A2DE /* Products */,
				87DC939CABC177DCA3959B0D /* Pods */,
				F7076A11EA9140E2FB1BA922 /* Frameworks */,
			);
			sourceTree = "<group>";
		};
		24E13B7C24A252130039A2DE /* Products */ = {
			isa = PBXGroup;
			children = (
				24E13B7B24A252130039A2DE /* E-Travel.app */,
			);
			name = Products;
			sourceTree = "<group>";
		};
		24E13B7D24A252130039A2DE /* E-Travel */ = {
			isa = PBXGroup;
			children = (
				24E13BD324A25B4E0039A2DE /* Lato-Black.ttf */,
				24E13BD224A25B4D0039A2DE /* Lato-Bold.ttf */,
				24E13BCF24A255C50039A2DE /* Reachability.swift */,
				24E13BC624A2535B0039A2DE /* Service */,
				24E13B9224A252830039A2DE /* Views */,
				24E13B9924A252BB0039A2DE /* Model */,
				24E13B9824A252A90039A2DE /* Controller */,
				24E13B7E24A252130039A2DE /* AppDelegate.swift */,
				24E13B8024A252130039A2DE /* ViewController.swift */,
				24E13B8524A252160039A2DE /* Assets.xcassets */,
				24E13B8724A252160039A2DE /* LaunchScreen.storyboard */,
				24E13B8A24A252160039A2DE /* Info.plist */,
				24E13BDB24A265500039A2DE /* Images.xcassets */,
			);
			path = "E-Travel";
			sourceTree = "<group>";
		};
		24E13B9224A252830039A2DE /* Views */ = {
			isa = PBXGroup;
			children = (
				24E13BDF24A271EC0039A2DE /* Main.storyboard */,
				24E13BDD24A26D830039A2DE /* CustomInfoWindow.xib */,
			);
			name = Views;
			sourceTree = "<group>";
		};
		24E13B9824A252A90039A2DE /* Controller */ = {
			isa = PBXGroup;
			children = (
				24E13BCD24A255850039A2DE /* DirectionViewController.swift */,
				24E13B9F24A252FF0039A2DE /* LoginViewController.swift */,
				24E13B9B24A252FF0039A2DE /* RegisterViewController.swift */,
				24E13B9D24A252FF0039A2DE /* MyTripViewController.swift */,
				24E13B9E24A252FF0039A2DE /* ScheduleViewController.swift */,
				24E13B9A24A252FE0039A2DE /* TripViewController.swift */,
				24E13BA124A252FF0039A2DE /* MapViewController.swift */,
				24E13BA024A252FF0039A2DE /* DetailSpotViewController.swift */,
				24E13B9C24A252FF0039A2DE /* CustomInfoWindow.swift */,
			);
			name = Controller;
			path = Controllers;
			sourceTree = "<group>";
		};
		24E13B9924A252BB0039A2DE /* Model */ = {
			isa = PBXGroup;
			children = (
				24E13BAA24A253320039A2DE /* Category.swift */,
				24E13BB724A253330039A2DE /* CurrentWeather.swift */,
				24E13BB324A253320039A2DE /* CustomMarkerView.swift */,
				24E13BAE24A253320039A2DE /* ImageCollectionViewCell.swift */,
				24E13BB624A253330039A2DE /* ImageSpotCollectionViewCell.swift */,
				24E13BAD24A253320039A2DE /* MyTripTableViewCell.swift */,
				24E13BAC24A253320039A2DE /* Place.swift */,
				24E13BB524A253330039A2DE /* Schedule.swift */,
				24E13BB024A253320039A2DE /* ScheduleTableViewCell.swift */,
				24E13BAB24A253320039A2DE /* Spot.swift */,
				24E13BB424A253330039A2DE /* SubCategory.swift */,
				24E13BB124A253320039A2DE /* TableViewCell.swift */,
				24E13BAF24A253320039A2DE /* Trip.swift */,
			);
			name = Model;
			sourceTree = "<group>";
		};
		24E13BC624A2535B0039A2DE /* Service */ = {
			isa = PBXGroup;
			children = (
				24E13BC824A2537A0039A2DE /* APIUrl.swift */,
				24E13BC724A2537A0039A2DE /* ForecastService.swift */,
			);
			path = Service;
			sourceTree = "<group>";
		};
		87DC939CABC177DCA3959B0D /* Pods */ = {
			isa = PBXGroup;
			children = (
				73351DC1DDD7C0836382D263 /* Pods-E-Travel.debug.xcconfig */,
				11E189ED241F4C23C8433CF7 /* Pods-E-Travel.release.xcconfig */,
			);
			path = Pods;
			sourceTree = "<group>";
		};
		F7076A11EA9140E2FB1BA922 /* Frameworks */ = {
			isa = PBXGroup;
			children = (
				112B55068CA4C3183A5D915D /* Pods_E_Travel.framework */,
			);
			name = Frameworks;
			sourceTree = "<group>";
		};
/* End PBXGroup section */

/* Begin PBXNativeTarget section */
		24E13B7A24A252130039A2DE /* E-Travel */ = {
			isa = PBXNativeTarget;
			buildConfigurationList = 24E13B8D24A252160039A2DE /* Build configuration list for PBXNativeTarget "E-Travel" */;
			buildPhases = (
				A5ED1C63CDFC2984D4E5685D /* [CP] Check Pods Manifest.lock */,
				24E13B7724A252130039A2DE /* Sources */,
				24E13B7824A252130039A2DE /* Frameworks */,
				24E13B7924A252130039A2DE /* Resources */,
				963A5056CE5613CE57F1945D /* [CP] Embed Pods Frameworks */,
				F19CF52D70F744CE4EDD67C4 /* [CP] Copy Pods Resources */,
			);
			buildRules = (
			);
			dependencies = (
			);
			name = "E-Travel";
			productName = "E-Travel";
			productReference = 24E13B7B24A252130039A2DE /* E-Travel.app */;
			productType = "com.apple.product-type.application";
		};
/* End PBXNativeTarget section */

/* Begin PBXProject section */
		24E13B7324A252130039A2DE /* Project object */ = {
			isa = PBXProject;
			attributes = {
				KnownAssetTags = (
					rain,
				);
				LastSwiftUpdateCheck = 1010;
				LastUpgradeCheck = 1010;
				ORGANIZATIONNAME = "Kii Nguyen";
				TargetAttributes = {
					24E13B7A24A252130039A2DE = {
						CreatedOnToolsVersion = 10.1;
					};
				};
			};
			buildConfigurationList = 24E13B7624A252130039A2DE /* Build configuration list for PBXProject "E-Travel" */;
			compatibilityVersion = "Xcode 9.3";
			developmentRegion = en;
			hasScannedForEncodings = 0;
			knownRegions = (
				en,
				Base,
			);
			mainGroup = 24E13B7224A252130039A2DE;
			productRefGroup = 24E13B7C24A252130039A2DE /* Products */;
			projectDirPath = "";
			projectRoot = "";
			targets = (
				24E13B7A24A252130039A2DE /* E-Travel */,
			);
		};
/* End PBXProject section */

/* Begin PBXResourcesBuildPhase section */
		24E13B7924A252130039A2DE /* Resources */ = {
			isa = PBXResourcesBuildPhase;
			buildActionMask = 2147483647;
			files = (
				24E13BE124A271EC0039A2DE /* Main.storyboard in Resources */,
				24E13BD724A25B4E0039A2DE /* Lato-Black.ttf in Resources */,
				24E13B8924A252160039A2DE /* LaunchScreen.storyboard in Resources */,
				24E13BDC24A265500039A2DE /* Images.xcassets in Resources */,
				24E13BD624A25B4E0039A2DE /* Lato-Bold.ttf in Resources */,
				24E13BDE24A26D830039A2DE /* CustomInfoWindow.xib in Resources */,
				24E13B8624A252160039A2DE /* Assets.xcassets in Resources */,
			);
			runOnlyForDeploymentPostprocessing = 0;
		};
/* End PBXResourcesBuildPhase section */

/* Begin PBXShellScriptBuildPhase section */
		963A5056CE5613CE57F1945D /* [CP] Embed Pods Frameworks */ = {
			isa = PBXShellScriptBuildPhase;
			buildActionMask = 2147483647;
			files = (
			);
			inputFileListPaths = (
				"${PODS_ROOT}/Target Support Files/Pods-E-Travel/Pods-E-Travel-frameworks-${CONFIGURATION}-input-files.xcfilelist",
			);
			name = "[CP] Embed Pods Frameworks";
			outputFileListPaths = (
				"${PODS_ROOT}/Target Support Files/Pods-E-Travel/Pods-E-Travel-frameworks-${CONFIGURATION}-output-files.xcfilelist",
			);
			runOnlyForDeploymentPostprocessing = 0;
			shellPath = /bin/sh;
			shellScript = "\"${PODS_ROOT}/Target Support Files/Pods-E-Travel/Pods-E-Travel-frameworks.sh\"\n";
			showEnvVarsInLog = 0;
		};
		A5ED1C63CDFC2984D4E5685D /* [CP] Check Pods Manifest.lock */ = {
			isa = PBXShellScriptBuildPhase;
			buildActionMask = 2147483647;
			files = (
			);
			inputFileListPaths = (
			);
			inputPaths = (
				"${PODS_PODFILE_DIR_PATH}/Podfile.lock",
				"${PODS_ROOT}/Manifest.lock",
			);
			name = "[CP] Check Pods Manifest.lock";
			outputFileListPaths = (
			);
			outputPaths = (
				"$(DERIVED_FILE_DIR)/Pods-E-Travel-checkManifestLockResult.txt",
			);
			runOnlyForDeploymentPostprocessing = 0;
			shellPath = /bin/sh;
			shellScript = "diff \"${PODS_PODFILE_DIR_PATH}/Podfile.lock\" \"${PODS_ROOT}/Manifest.lock\" > /dev/null\nif [ $? != 0 ] ; then\n    # print error to STDERR\n    echo \"error: The sandbox is not in sync with the Podfile.lock. Run 'pod install' or update your CocoaPods installation.\" >&2\n    exit 1\nfi\n# This output is used by Xcode 'outputs' to avoid re-running this script phase.\necho \"SUCCESS\" > \"${SCRIPT_OUTPUT_FILE_0}\"\n";
			showEnvVarsInLog = 0;
		};
		F19CF52D70F744CE4EDD67C4 /* [CP] Copy Pods Resources */ = {
			isa = PBXShellScriptBuildPhase;
			buildActionMask = 2147483647;
			files = (
			);
			inputFileListPaths = (
				"${PODS_ROOT}/Target Support Files/Pods-E-Travel/Pods-E-Travel-resources-${CONFIGURATION}-input-files.xcfilelist",
			);
			name = "[CP] Copy Pods Resources";
			outputFileListPaths = (
				"${PODS_ROOT}/Target Support Files/Pods-E-Travel/Pods-E-Travel-resources-${CONFIGURATION}-output-files.xcfilelist",
			);
			runOnlyForDeploymentPostprocessing = 0;
			shellPath = /bin/sh;
			shellScript = "\"${PODS_ROOT}/Target Support Files/Pods-E-Travel/Pods-E-Travel-resources.sh\"\n";
			showEnvVarsInLog = 0;
		};
/* End PBXShellScriptBuildPhase section */

/* Begin PBXSourcesBuildPhase section */
		24E13B7724A252130039A2DE /* Sources */ = {
			isa = PBXSourcesBuildPhase;
			buildActionMask = 2147483647;
			files = (
				24E13BCB24A2537A0039A2DE /* APIUrl.swift in Sources */,
				24E13BA224A252FF0039A2DE /* TripViewController.swift in Sources */,
				24E13BBA24A253330039A2DE /* Place.swift in Sources */,
				24E13BC424A253330039A2DE /* ImageSpotCollectionViewCell.swift in Sources */,
				24E13BC324A253330039A2DE /* Schedule.swift in Sources */,
				24E13BA524A252FF0039A2DE /* MyTripViewController.swift in Sources */,
				24E13BBF24A253330039A2DE /* TableViewCell.swift in Sources */,
				24E13BA824A252FF0039A2DE /* DetailSpotViewController.swift in Sources */,
				24E13BC124A253330039A2DE /* CustomMarkerView.swift in Sources */,
				24E13BBD24A253330039A2DE /* Trip.swift in Sources */,
				24E13BC224A253330039A2DE /* SubCategory.swift in Sources */,
				24E13BC524A253330039A2DE /* CurrentWeather.swift in Sources */,
				24E13BA924A252FF0039A2DE /* MapViewController.swift in Sources */,
				24E13B8124A252130039A2DE /* ViewController.swift in Sources */,
				24E13BD024A255C50039A2DE /* Reachability.swift in Sources */,
				24E13BCA24A2537A0039A2DE /* ForecastService.swift in Sources */,
				24E13BBC24A253330039A2DE /* ImageCollectionViewCell.swift in Sources */,
				24E13BBB24A253330039A2DE /* MyTripTableViewCell.swift in Sources */,
				24E13B7F24A252130039A2DE /* AppDelegate.swift in Sources */,
				24E13BA724A252FF0039A2DE /* LoginViewController.swift in Sources */,
				24E13BCE24A255860039A2DE /* DirectionViewController.swift in Sources */,
				24E13BBE24A253330039A2DE /* ScheduleTableViewCell.swift in Sources */,
				24E13BB924A253330039A2DE /* Spot.swift in Sources */,
				24E13BA424A252FF0039A2DE /* CustomInfoWindow.swift in Sources */,
				24E13BA624A252FF0039A2DE /* ScheduleViewController.swift in Sources */,
				24E13BA324A252FF0039A2DE /* RegisterViewController.swift in Sources */,
				24E13BB824A253330039A2DE /* Category.swift in Sources */,
			);
			runOnlyForDeploymentPostprocessing = 0;
		};
/* End PBXSourcesBuildPhase section */

/* Begin PBXVariantGroup section */
		24E13B8724A252160039A2DE /* LaunchScreen.storyboard */ = {
			isa = PBXVariantGroup;
			children = (
				24E13B8824A252160039A2DE /* Base */,
			);
			name = LaunchScreen.storyboard;
			sourceTree = "<group>";
		};
		24E13BDF24A271EC0039A2DE /* Main.storyboard */ = {
			isa = PBXVariantGroup;
			children = (
				24E13BE024A271EC0039A2DE /* Base */,
			);
			name = Main.storyboard;
			sourceTree = "<group>";
		};
/* End PBXVariantGroup section */

/* Begin XCBuildConfiguration section */
		24E13B8B24A252160039A2DE /* Debug */ = {
			isa = XCBuildConfiguration;
			buildSettings = {
				ALWAYS_SEARCH_USER_PATHS = NO;
				CLANG_ANALYZER_NONNULL = YES;
				CLANG_ANALYZER_NUMBER_OBJECT_CONVERSION = YES_AGGRESSIVE;
				CLANG_CXX_LANGUAGE_STANDARD = "gnu++14";
				CLANG_CXX_LIBRARY = "libc++";
				CLANG_ENABLE_MODULES = YES;
				CLANG_ENABLE_OBJC_ARC = YES;
				CLANG_ENABLE_OBJC_WEAK = YES;
				CLANG_WARN_BLOCK_CAPTURE_AUTORELEASING = YES;
				CLANG_WARN_BOOL_CONVERSION = YES;
				CLANG_WARN_COMMA = YES;
				CLANG_WARN_CONSTANT_CONVERSION = YES;
				CLANG_WARN_DEPRECATED_OBJC_IMPLEMENTATIONS = YES;
				CLANG_WARN_DIRECT_OBJC_ISA_USAGE = YES_ERROR;
				CLANG_WARN_DOCUMENTATION_COMMENTS = YES;
				CLANG_WARN_EMPTY_BODY = YES;
				CLANG_WARN_ENUM_CONVERSION = YES;
				CLANG_WARN_INFINITE_RECURSION = YES;
				CLANG_WARN_INT_CONVERSION = YES;
				CLANG_WARN_NON_LITERAL_NULL_CONVERSION = YES;
				CLANG_WARN_OBJC_IMPLICIT_RETAIN_SELF = YES;
				CLANG_WARN_OBJC_LITERAL_CONVERSION = YES;
				CLANG_WARN_OBJC_ROOT_CLASS = YES_ERROR;
				CLANG_WARN_RANGE_LOOP_ANALYSIS = YES;
				CLANG_WARN_STRICT_PROTOTYPES = YES;
				CLANG_WARN_SUSPICIOUS_MOVE = YES;
				CLANG_WARN_UNGUARDED_AVAILABILITY = YES_AGGRESSIVE;
				CLANG_WARN_UNREACHABLE_CODE = YES;
				CLANG_WARN__DUPLICATE_METHOD_MATCH = YES;
				CODE_SIGN_IDENTITY = "iPhone Developer";
				COPY_PHASE_STRIP = NO;
				DEBUG_INFORMATION_FORMAT = dwarf;
				ENABLE_STRICT_OBJC_MSGSEND = YES;
				ENABLE_TESTABILITY = YES;
				GCC_C_LANGUAGE_STANDARD = gnu11;
				GCC_DYNAMIC_NO_PIC = NO;
				GCC_NO_COMMON_BLOCKS = YES;
				GCC_OPTIMIZATION_LEVEL = 0;
				GCC_PREPROCESSOR_DEFINITIONS = (
					"DEBUG=1",
					"$(inherited)",
				);
				GCC_WARN_64_TO_32_BIT_CONVERSION = YES;
				GCC_WARN_ABOUT_RETURN_TYPE = YES_ERROR;
				GCC_WARN_UNDECLARED_SELECTOR = YES;
				GCC_WARN_UNINITIALIZED_AUTOS = YES_AGGRESSIVE;
				GCC_WARN_UNUSED_FUNCTION = YES;
				GCC_WARN_UNUSED_VARIABLE = YES;
				IPHONEOS_DEPLOYMENT_TARGET = 12.1;
				MTL_ENABLE_DEBUG_INFO = INCLUDE_SOURCE;
				MTL_FAST_MATH = YES;
				ONLY_ACTIVE_ARCH = YES;
				SDKROOT = iphoneos;
				SWIFT_ACTIVE_COMPILATION_CONDITIONS = DEBUG;
				SWIFT_OPTIMIZATION_LEVEL = "-Onone";
			};
			name = Debug;
		};
		24E13B8C24A252160039A2DE /* Release */ = {
			isa = XCBuildConfiguration;
			buildSettings = {
				ALWAYS_SEARCH_USER_PATHS = NO;
				CLANG_ANALYZER_NONNULL = YES;
				CLANG_ANALYZER_NUMBER_OBJECT_CONVERSION = YES_AGGRESSIVE;
				CLANG_CXX_LANGUAGE_STANDARD = "gnu++14";
				CLANG_CXX_LIBRARY = "libc++";
				CLANG_ENABLE_MODULES = YES;
				CLANG_ENABLE_OBJC_ARC = YES;
				CLANG_ENABLE_OBJC_WEAK = YES;
				CLANG_WARN_BLOCK_CAPTURE_AUTORELEASING = YES;
				CLANG_WARN_BOOL_CONVERSION = YES;
				CLANG_WARN_COMMA = YES;
				CLANG_WARN_CONSTANT_CONVERSION = YES;
				CLANG_WARN_DEPRECATED_OBJC_IMPLEMENTATIONS = YES;
				CLANG_WARN_DIRECT_OBJC_ISA_USAGE = YES_ERROR;
				CLANG_WARN_DOCUMENTATION_COMMENTS = YES;
				CLANG_WARN_EMPTY_BODY = YES;
				CLANG_WARN_ENUM_CONVERSION = YES;
				CLANG_WARN_INFINITE_RECURSION = YES;
				CLANG_WARN_INT_CONVERSION = YES;
				CLANG_WARN_NON_LITERAL_NULL_CONVERSION = YES;
				CLANG_WARN_OBJC_IMPLICIT_RETAIN_SELF = YES;
				CLANG_WARN_OBJC_LITERAL_CONVERSION = YES;
				CLANG_WARN_OBJC_ROOT_CLASS = YES_ERROR;
				CLANG_WARN_RANGE_LOOP_ANALYSIS = YES;
				CLANG_WARN_STRICT_PROTOTYPES = YES;
				CLANG_WARN_SUSPICIOUS_MOVE = YES;
				CLANG_WARN_UNGUARDED_AVAILABILITY = YES_AGGRESSIVE;
				CLANG_WARN_UNREACHABLE_CODE = YES;
				CLANG_WARN__DUPLICATE_METHOD_MATCH = YES;
				CODE_SIGN_IDENTITY = "iPhone Developer";
				COPY_PHASE_STRIP = NO;
				DEBUG_INFORMATION_FORMAT = "dwarf-with-dsym";
				ENABLE_NS_ASSERTIONS = NO;
				ENABLE_STRICT_OBJC_MSGSEND = YES;
				GCC_C_LANGUAGE_STANDARD = gnu11;
				GCC_NO_COMMON_BLOCKS = YES;
				GCC_WARN_64_TO_32_BIT_CONVERSION = YES;
				GCC_WARN_ABOUT_RETURN_TYPE = YES_ERROR;
				GCC_WARN_UNDECLARED_SELECTOR = YES;
				GCC_WARN_UNINITIALIZED_AUTOS = YES_AGGRESSIVE;
				GCC_WARN_UNUSED_FUNCTION = YES;
				GCC_WARN_UNUSED_VARIABLE = YES;
				IPHONEOS_DEPLOYMENT_TARGET = 12.1;
				MTL_ENABLE_DEBUG_INFO = NO;
				MTL_FAST_MATH = YES;
				SDKROOT = iphoneos;
				SWIFT_COMPILATION_MODE = wholemodule;
				SWIFT_OPTIMIZATION_LEVEL = "-O";
				VALIDATE_PRODUCT = YES;
			};
			name = Release;
		};
		24E13B8E24A252160039A2DE /* Debug */ = {
			isa = XCBuildConfiguration;
			baseConfigurationReference = 73351DC1DDD7C0836382D263 /* Pods-E-Travel.debug.xcconfig */;
			buildSettings = {
				ASSETCATALOG_COMPILER_APPICON_NAME = AppIcon;
				CODE_SIGN_STYLE = Automatic;
				DEVELOPMENT_TEAM = MVSD33QBN2;
				INFOPLIST_FILE = "E-Travel/Info.plist";
				LD_RUNPATH_SEARCH_PATHS = (
					"$(inherited)",
					"@executable_path/Frameworks",
				);
				PRODUCT_BUNDLE_IDENTIFIER = "com.e-Travel1";
				PRODUCT_NAME = "$(TARGET_NAME)";
				SWIFT_VERSION = 4.2;
				TARGETED_DEVICE_FAMILY = "1,2";
			};
			name = Debug;
		};
		24E13B8F24A252160039A2DE /* Release */ = {
			isa = XCBuildConfiguration;
			baseConfigurationReference = 11E189ED241F4C23C8433CF7 /* Pods-E-Travel.release.xcconfig */;
			buildSettings = {
				ASSETCATALOG_COMPILER_APPICON_NAME = AppIcon;
				CODE_SIGN_STYLE = Automatic;
				DEVELOPMENT_TEAM = MVSD33QBN2;
				INFOPLIST_FILE = "E-Travel/Info.plist";
				LD_RUNPATH_SEARCH_PATHS = (
					"$(inherited)",
					"@executable_path/Frameworks",
				);
				PRODUCT_BUNDLE_IDENTIFIER = "com.e-Travel1";
				PRODUCT_NAME = "$(TARGET_NAME)";
				SWIFT_VERSION = 4.2;
				TARGETED_DEVICE_FAMILY = "1,2";
			};
			name = Release;
		};
/* End XCBuildConfiguration section */

/* Begin XCConfigurationList section */
		24E13B7624A252130039A2DE /* Build configuration list for PBXProject "E-Travel" */ = {
			isa = XCConfigurationList;
			buildConfigurations = (
				24E13B8B24A252160039A2DE /* Debug */,
				24E13B8C24A252160039A2DE /* Release */,
			);
			defaultConfigurationIsVisible = 0;
			defaultConfigurationName = Release;
		};
		24E13B8D24A252160039A2DE /* Build configuration list for PBXNativeTarget "E-Travel" */ = {
			isa = XCConfigurationList;
			buildConfigurations = (
				24E13B8E24A252160039A2DE /* Debug */,
				24E13B8F24A252160039A2DE /* Release */,
			);
			defaultConfigurationIsVisible = 0;
			defaultConfigurationName = Release;
		};
/* End XCConfigurationList section */
	};
	rootObject = 24E13B7324A252130039A2DE /* Project object */;
}
